# This file was autogenerated by Stack.
# You should not edit this file by hand.
# For more information, please see the documentation at:
#   https://docs.haskellstack.org/en/stable/topics/lock_files

packages:
- completed:
    name: ron
    pantry-tree:
      sha256: 9dc10d02bf93fe3c16ec042fc583613330c25b0640e069e7eff0cdf31871f74d
      size: 1698
    sha256: a713a425ce3ab68cab811ce68efebc1725f00e451f08a5b79faffaf5b42431b2
    size: 284026
    subdir: ron
    url: https://github.com/ff-notes/ron/archive/3031fd21bc5c0bb02cb8acbd39840ebf8c3ebbca.tar.gz
    version: '0.13'
  original:
    subdir: ron
    url: https://github.com/ff-notes/ron/archive/3031fd21bc5c0bb02cb8acbd39840ebf8c3ebbca.tar.gz
- completed:
    name: ron-rdt
    pantry-tree:
      sha256: 782c7fd0b9978cec2bf98029bba1816ed6f1574415277b590299da51bd735237
      size: 1255
    sha256: a713a425ce3ab68cab811ce68efebc1725f00e451f08a5b79faffaf5b42431b2
    size: 284026
    subdir: ron-rdt
    url: https://github.com/ff-notes/ron/archive/3031fd21bc5c0bb02cb8acbd39840ebf8c3ebbca.tar.gz
    version: '0.12'
  original:
    subdir: ron-rdt
    url: https://github.com/ff-notes/ron/archive/3031fd21bc5c0bb02cb8acbd39840ebf8c3ebbca.tar.gz
- completed:
    name: ron-schema
    pantry-tree:
      sha256: 55b80685bd0a89de9e827e0687d2d594446fd51ce9cff214d0b144ce24a96570
      size: 542
    sha256: a713a425ce3ab68cab811ce68efebc1725f00e451f08a5b79faffaf5b42431b2
    size: 284026
    subdir: ron-schema
    url: https://github.com/ff-notes/ron/archive/3031fd21bc5c0bb02cb8acbd39840ebf8c3ebbca.tar.gz
    version: '0.10'
  original:
    subdir: ron-schema
    url: https://github.com/ff-notes/ron/archive/3031fd21bc5c0bb02cb8acbd39840ebf8c3ebbca.tar.gz
- completed:
    name: ron-storage
    pantry-tree:
      sha256: 8bd417aa1c29e3928bcd18eb1d84b86f2be3c914d2dadd9befb8645ce8a6a712
      size: 477
    sha256: a713a425ce3ab68cab811ce68efebc1725f00e451f08a5b79faffaf5b42431b2
    size: 284026
    subdir: ron-storage
    url: https://github.com/ff-notes/ron/archive/3031fd21bc5c0bb02cb8acbd39840ebf8c3ebbca.tar.gz
    version: '0.11'
  original:
    subdir: ron-storage
    url: https://github.com/ff-notes/ron/archive/3031fd21bc5c0bb02cb8acbd39840ebf8c3ebbca.tar.gz
- completed:
    hackage: hoppy-generator-0.9.0@sha256:095f218d88f13ede2a6b6e32b671846f0aa026c17e925cad9027d9eec31600ae,2180
    pantry-tree:
      sha256: de4ea465753e0820a72bee74cd40be235ddef04cc0e2afabd51183d21e63a952
      size: 2776
  original:
    hackage: hoppy-generator-0.9.0
- completed:
    hackage: hoppy-runtime-0.9.0@sha256:415528655deac4d49f0eee258f5c068113883be8741200705d815a328f4ca327,1150
    pantry-tree:
      sha256: 1b295263b258ab2a8e46252bfab668c50ea35e1e88ba2afff9f2ee73ea45a876
      size: 297
  original:
    hackage: hoppy-runtime-0.9.0
- completed:
    hackage: hoppy-std-0.9.0@sha256:7254502d0f0f5516684ad12cf501e82e5ed1fcd901ecc2138397ca72e5f0836e,1543
    pantry-tree:
      sha256: 1b063682d42c4f27e06a1034c2edf70d4f017c317730d3583554897e1240e981
      size: 1567
  original:
    hackage: hoppy-std-0.9.0
- completed:
    commit: 64645f0882fa74faa49a3881debf80af007a7425
    git: https://git.sr.ht/~cblp/qtah
    name: qtah-cpp
    pantry-tree:
      sha256: 84eddbb5dabe1c4256382f18ddda1e2b96fd1cd9d27264d5e7fe6ae99e76ceea
      size: 1906
    subdir: qtah-cpp
    version: 0.9.2
  original:
    commit: 64645f0882fa74faa49a3881debf80af007a7425
    git: https://git.sr.ht/~cblp/qtah
    subdir: qtah-cpp
- completed:
    commit: 64645f0882fa74faa49a3881debf80af007a7425
    git: https://git.sr.ht/~cblp/qtah
    name: qtah-generator
    pantry-tree:
      sha256: 28d6cedaad0053e95b3dcfb23b76ba08f5b17b951de39a1dccfeb7f849e7513a
      size: 28576
    subdir: qtah-generator
    version: 0.9.2
  original:
    commit: 64645f0882fa74faa49a3881debf80af007a7425
    git: https://git.sr.ht/~cblp/qtah
    subdir: qtah-generator
- completed:
    commit: 64645f0882fa74faa49a3881debf80af007a7425
    git: https://git.sr.ht/~cblp/qtah
    name: qtah
    pantry-tree:
      sha256: 240f24683cc43fe71225f5b7f86219f840ba291cfea6cd401943812e514ca42c
      size: 1134
    subdir: qtah
    version: 0.9.2.1
  original:
    commit: 64645f0882fa74faa49a3881debf80af007a7425
    git: https://git.sr.ht/~cblp/qtah
    subdir: qtah
- completed:
    hackage: cmark-0.6.1@sha256:5994e5d56d286e857063375154eac4128aea835ec867955963c27237823b8085,3361
    pantry-tree:
      sha256: 830ba0871a9ede58b41528fcb0bb1fe1b550a7536c3ff05a3cd662de164ee597
      size: 2580
  original:
    hackage: cmark-0.6.1
snapshots:
- completed:
    sha256: a81fb3877c4f9031e1325eb3935122e608d80715dc16b586eb11ddbff8671ecd
    size: 640086
    url: https://raw.githubusercontent.com/commercialhaskell/stackage-snapshots/master/lts/21/25.yaml
  original: lts-21.25
