# This file was autogenerated by Stack.
# You should not edit this file by hand.
# For more information, please see the documentation at:
#   https://docs.haskellstack.org/en/stable/topics/lock_files

packages:
- completed:
    name: ron
    pantry-tree:
      sha256: 9dc10d02bf93fe3c16ec042fc583613330c25b0640e069e7eff0cdf31871f74d
      size: 1698
    sha256: 06f1203162d32c0f67e0f6358cc83880a2abd82a19d17e25f3d3b8b27be1ebd9
    size: 283831
    subdir: ron
    url: https://github.com/ff-notes/ron/archive/43cdd3efb778fb7063f43601e2e9496ff57efb02.tar.gz
    version: '0.13'
  original:
    subdir: ron
    url: https://github.com/ff-notes/ron/archive/43cdd3efb778fb7063f43601e2e9496ff57efb02.tar.gz
- completed:
    name: ron-rdt
    pantry-tree:
      sha256: 3d5c6fff8d3e08cfc1bedf4dbdfbbb6a3ad4a4fafe7a5fb875a5f8e44737b51f
      size: 1255
    sha256: 06f1203162d32c0f67e0f6358cc83880a2abd82a19d17e25f3d3b8b27be1ebd9
    size: 283831
    subdir: ron-rdt
    url: https://github.com/ff-notes/ron/archive/43cdd3efb778fb7063f43601e2e9496ff57efb02.tar.gz
    version: '0.12'
  original:
    subdir: ron-rdt
    url: https://github.com/ff-notes/ron/archive/43cdd3efb778fb7063f43601e2e9496ff57efb02.tar.gz
- completed:
    name: ron-schema
    pantry-tree:
      sha256: 55b80685bd0a89de9e827e0687d2d594446fd51ce9cff214d0b144ce24a96570
      size: 542
    sha256: 06f1203162d32c0f67e0f6358cc83880a2abd82a19d17e25f3d3b8b27be1ebd9
    size: 283831
    subdir: ron-schema
    url: https://github.com/ff-notes/ron/archive/43cdd3efb778fb7063f43601e2e9496ff57efb02.tar.gz
    version: '0.10'
  original:
    subdir: ron-schema
    url: https://github.com/ff-notes/ron/archive/43cdd3efb778fb7063f43601e2e9496ff57efb02.tar.gz
- completed:
    name: ron-storage
    pantry-tree:
      sha256: a396683fd6f36dd1bf9c4341f2369f3ff76a1dd81971432167d9e8516581250b
      size: 477
    sha256: 06f1203162d32c0f67e0f6358cc83880a2abd82a19d17e25f3d3b8b27be1ebd9
    size: 283831
    subdir: ron-storage
    url: https://github.com/ff-notes/ron/archive/43cdd3efb778fb7063f43601e2e9496ff57efb02.tar.gz
    version: '0.11'
  original:
    subdir: ron-storage
    url: https://github.com/ff-notes/ron/archive/43cdd3efb778fb7063f43601e2e9496ff57efb02.tar.gz
snapshots:
- completed:
    sha256: d141b089a21d9873b5febdf7c53296fb799b7fb602b9d3b003c022a81cc1cc01
    size: 726795
    url: https://raw.githubusercontent.com/commercialhaskell/stackage-snapshots/master/lts/24/30.yaml
  original: lts-24.30
